
Microsoft Visual Studio Solution File, Format Version 12.00
# Visual Studio Version 17
VisualStudioVersion = 17.0.31903.59
MinimumVisualStudioVersion = 10.0.40219.1
Project("{2150E333-8FDC-42A3-9474-1A3956D46DE8}") = "SQL", "SQL", "{EE7596E3-1157-4646-B003-6A6F91357146}"
EndProject
Project("{FAE04EC0-301F-11D3-BF4B-00C04F79EFBC}") = "db_app1", "SQL\db_app1\db_app1.csproj", "{BE886F55-9565-4AFC-A1DA-6EB268D05610}"
EndProject
Project("{FAE04EC0-301F-11D3-BF4B-00C04F79EFBC}") = "db_app2", "SQL\db_app2\db_app2.csproj", "{EDE26D4C-26A6-48E7-A9A1-E59EBAD1971D}"
EndProject
Project("{2150E333-8FDC-42A3-9474-1A3956D46DE8}") = "Csharp", "Csharp", "{F6E7E86C-FF15-4CFB-BF89-F217819A96DA}"
EndProject
Project("{2150E333-8FDC-42A3-9474-1A3956D46DE8}") = "classi", "classi", "{B34FDA3C-53EF-4092-9B59-ED5299B359C1}"
EndProject
Project("{2150E333-8FDC-42A3-9474-1A3956D46DE8}") = "Programmi", "Programmi", "{37965E1D-2762-4D0A-BF15-06660DF65BBA}"
EndProject
Project("{2150E333-8FDC-42A3-9474-1A3956D46DE8}") = "prog4_Indovinello", "prog4_Indovinello", "{6142B05B-ADAF-4FEF-BA47-81D6654FEB74}"
EndProject
Project("{FAE04EC0-301F-11D3-BF4B-00C04F79EFBC}") = "Vers2_Classi", "Csharp\Programmi\prog4_Indovinello\Vers2_Classi\Vers2_Classi.csproj", "{24F75864-6317-40FF-B372-DCB10A0D48FC}"
EndProject
Project("{2150E333-8FDC-42A3-9474-1A3956D46DE8}") = "EntityFramework", "EntityFramework", "{97F46392-0A17-433B-BC4E-4196F6907E81}"
EndProject
Project("{2150E333-8FDC-42A3-9474-1A3956D46DE8}") = "LavoriGruppo", "LavoriGruppo", "{9EADC311-149C-48DE-B67A-951B86408E7D}"
EndProject
Project("{FAE04EC0-301F-11D3-BF4B-00C04F79EFBC}") = "prog_Giochi", "LavoriGruppo\prog_Giochi\prog_Giochi.csproj", "{3D7723EE-0C5E-4EF0-8C06-29AD441E316B}"
EndProject
Project("{2150E333-8FDC-42A3-9474-1A3956D46DE8}") = "EntityFramework", "EntityFramework", "{1AE159F9-4B3F-4C99-B189-D59205E03250}"
EndProject
Project("{FAE04EC0-301F-11D3-BF4B-00C04F79EFBC}") = "es2_mazzoCarte", "Csharp\classi\es2_mazzoCarte\es2_mazzoCarte.csproj", "{F8207DC1-6E16-47CB-B7AA-AFD1AFEAA166}"
EndProject
Project("{2150E333-8FDC-42A3-9474-1A3956D46DE8}") = "MvcConsole", "MvcConsole", "{886075DA-6EDF-4F25-B711-9A74676451EF}"
EndProject
Project("{FAE04EC0-301F-11D3-BF4B-00C04F79EFBC}") = "es1", "MvcConsole\es1\es1.csproj", "{FEBD2888-A216-4044-94C2-441F5A430BDE}"
EndProject
Project("{FAE04EC0-301F-11D3-BF4B-00C04F79EFBC}") = "es2_conEF", "MvcConsole\es2_conEF\es2_conEF.csproj", "{2CC4A15C-F415-4076-BB06-B55A7CCD1CC2}"
EndProject
Project("{FAE04EC0-301F-11D3-BF4B-00C04F79EFBC}") = "es2_artisti", "EntityFramework\es2_artisti\es2_artisti.csproj", "{6334B0C5-DFF2-4B43-8C8F-597168A67935}"
EndProject
Project("{FAE04EC0-301F-11D3-BF4B-00C04F79EFBC}") = "es1_clienti", "EntityFramework\es1_clienti\es1_clienti.csproj", "{8FC4A140-C8B7-4F63-8080-754BE57E7933}"
EndProject
Project("{2150E333-8FDC-42A3-9474-1A3956D46DE8}") = "Siti", "Siti", "{02FCB420-54F8-4129-B728-99F718C90184}"
EndProject
Project("{FAE04EC0-301F-11D3-BF4B-00C04F79EFBC}") = "Dischi2", "Siti\Dischi2\Dischi2.csproj", "{41988E36-E7A7-4E5C-AFFB-84AE7C1F47B2}"
EndProject
Global
	GlobalSection(SolutionConfigurationPlatforms) = preSolution
		Debug|Any CPU = Debug|Any CPU
		Release|Any CPU = Release|Any CPU
	EndGlobalSection
	GlobalSection(SolutionProperties) = preSolution
		HideSolutionNode = FALSE
	EndGlobalSection
	GlobalSection(ProjectConfigurationPlatforms) = postSolution
		{BE886F55-9565-4AFC-A1DA-6EB268D05610}.Debug|Any CPU.ActiveCfg = Debug|Any CPU
		{BE886F55-9565-4AFC-A1DA-6EB268D05610}.Debug|Any CPU.Build.0 = Debug|Any CPU
		{BE886F55-9565-4AFC-A1DA-6EB268D05610}.Release|Any CPU.ActiveCfg = Release|Any CPU
		{BE886F55-9565-4AFC-A1DA-6EB268D05610}.Release|Any CPU.Build.0 = Release|Any CPU
		{EDE26D4C-26A6-48E7-A9A1-E59EBAD1971D}.Debug|Any CPU.ActiveCfg = Debug|Any CPU
		{EDE26D4C-26A6-48E7-A9A1-E59EBAD1971D}.Debug|Any CPU.Build.0 = Debug|Any CPU
		{EDE26D4C-26A6-48E7-A9A1-E59EBAD1971D}.Release|Any CPU.ActiveCfg = Release|Any CPU
		{EDE26D4C-26A6-48E7-A9A1-E59EBAD1971D}.Release|Any CPU.Build.0 = Release|Any CPU
		{24F75864-6317-40FF-B372-DCB10A0D48FC}.Debug|Any CPU.ActiveCfg = Debug|Any CPU
		{24F75864-6317-40FF-B372-DCB10A0D48FC}.Debug|Any CPU.Build.0 = Debug|Any CPU
		{24F75864-6317-40FF-B372-DCB10A0D48FC}.Release|Any CPU.ActiveCfg = Release|Any CPU
		{24F75864-6317-40FF-B372-DCB10A0D48FC}.Release|Any CPU.Build.0 = Release|Any CPU
		{3D7723EE-0C5E-4EF0-8C06-29AD441E316B}.Debug|Any CPU.ActiveCfg = Debug|Any CPU
		{3D7723EE-0C5E-4EF0-8C06-29AD441E316B}.Debug|Any CPU.Build.0 = Debug|Any CPU
		{3D7723EE-0C5E-4EF0-8C06-29AD441E316B}.Release|Any CPU.ActiveCfg = Release|Any CPU
		{3D7723EE-0C5E-4EF0-8C06-29AD441E316B}.Release|Any CPU.Build.0 = Release|Any CPU
		{F8207DC1-6E16-47CB-B7AA-AFD1AFEAA166}.Debug|Any CPU.ActiveCfg = Debug|Any CPU
		{F8207DC1-6E16-47CB-B7AA-AFD1AFEAA166}.Debug|Any CPU.Build.0 = Debug|Any CPU
		{F8207DC1-6E16-47CB-B7AA-AFD1AFEAA166}.Release|Any CPU.ActiveCfg = Release|Any CPU
		{F8207DC1-6E16-47CB-B7AA-AFD1AFEAA166}.Release|Any CPU.Build.0 = Release|Any CPU
		{DE4A993A-7E07-401C-88B9-B85B435E0B0E}.Debug|Any CPU.ActiveCfg = Debug|Any CPU
		{DE4A993A-7E07-401C-88B9-B85B435E0B0E}.Debug|Any CPU.Build.0 = Debug|Any CPU
		{DE4A993A-7E07-401C-88B9-B85B435E0B0E}.Release|Any CPU.ActiveCfg = Release|Any CPU
		{DE4A993A-7E07-401C-88B9-B85B435E0B0E}.Release|Any CPU.Build.0 = Release|Any CPU
		{FEBD2888-A216-4044-94C2-441F5A430BDE}.Debug|Any CPU.ActiveCfg = Debug|Any CPU
		{FEBD2888-A216-4044-94C2-441F5A430BDE}.Debug|Any CPU.Build.0 = Debug|Any CPU
		{FEBD2888-A216-4044-94C2-441F5A430BDE}.Release|Any CPU.ActiveCfg = Release|Any CPU
		{FEBD2888-A216-4044-94C2-441F5A430BDE}.Release|Any CPU.Build.0 = Release|Any CPU
		{2CC4A15C-F415-4076-BB06-B55A7CCD1CC2}.Debug|Any CPU.ActiveCfg = Debug|Any CPU
		{2CC4A15C-F415-4076-BB06-B55A7CCD1CC2}.Debug|Any CPU.Build.0 = Debug|Any CPU
		{2CC4A15C-F415-4076-BB06-B55A7CCD1CC2}.Release|Any CPU.ActiveCfg = Release|Any CPU
		{2CC4A15C-F415-4076-BB06-B55A7CCD1CC2}.Release|Any CPU.Build.0 = Release|Any CPU
		{6334B0C5-DFF2-4B43-8C8F-597168A67935}.Debug|Any CPU.ActiveCfg = Debug|Any CPU
		{6334B0C5-DFF2-4B43-8C8F-597168A67935}.Debug|Any CPU.Build.0 = Debug|Any CPU
		{6334B0C5-DFF2-4B43-8C8F-597168A67935}.Release|Any CPU.ActiveCfg = Release|Any CPU
		{6334B0C5-DFF2-4B43-8C8F-597168A67935}.Release|Any CPU.Build.0 = Release|Any CPU
		{8FC4A140-C8B7-4F63-8080-754BE57E7933}.Debug|Any CPU.ActiveCfg = Debug|Any CPU
		{8FC4A140-C8B7-4F63-8080-754BE57E7933}.Debug|Any CPU.Build.0 = Debug|Any CPU
		{8FC4A140-C8B7-4F63-8080-754BE57E7933}.Release|Any CPU.ActiveCfg = Release|Any CPU
		{8FC4A140-C8B7-4F63-8080-754BE57E7933}.Release|Any CPU.Build.0 = Release|Any CPU
		{41988E36-E7A7-4E5C-AFFB-84AE7C1F47B2}.Debug|Any CPU.ActiveCfg = Debug|Any CPU
		{41988E36-E7A7-4E5C-AFFB-84AE7C1F47B2}.Debug|Any CPU.Build.0 = Debug|Any CPU
		{41988E36-E7A7-4E5C-AFFB-84AE7C1F47B2}.Release|Any CPU.ActiveCfg = Release|Any CPU
		{41988E36-E7A7-4E5C-AFFB-84AE7C1F47B2}.Release|Any CPU.Build.0 = Release|Any CPU
	EndGlobalSection
	GlobalSection(NestedProjects) = preSolution
		{BE886F55-9565-4AFC-A1DA-6EB268D05610} = {EE7596E3-1157-4646-B003-6A6F91357146}
		{EDE26D4C-26A6-48E7-A9A1-E59EBAD1971D} = {EE7596E3-1157-4646-B003-6A6F91357146}
		{B34FDA3C-53EF-4092-9B59-ED5299B359C1} = {F6E7E86C-FF15-4CFB-BF89-F217819A96DA}
		{37965E1D-2762-4D0A-BF15-06660DF65BBA} = {F6E7E86C-FF15-4CFB-BF89-F217819A96DA}
		{6142B05B-ADAF-4FEF-BA47-81D6654FEB74} = {37965E1D-2762-4D0A-BF15-06660DF65BBA}
		{24F75864-6317-40FF-B372-DCB10A0D48FC} = {6142B05B-ADAF-4FEF-BA47-81D6654FEB74}
		{97F46392-0A17-433B-BC4E-4196F6907E81} = {EE7596E3-1157-4646-B003-6A6F91357146}
		{3D7723EE-0C5E-4EF0-8C06-29AD441E316B} = {9EADC311-149C-48DE-B67A-951B86408E7D}
		{F8207DC1-6E16-47CB-B7AA-AFD1AFEAA166} = {B34FDA3C-53EF-4092-9B59-ED5299B359C1}
		{FEBD2888-A216-4044-94C2-441F5A430BDE} = {886075DA-6EDF-4F25-B711-9A74676451EF}
		{2CC4A15C-F415-4076-BB06-B55A7CCD1CC2} = {886075DA-6EDF-4F25-B711-9A74676451EF}
		{6334B0C5-DFF2-4B43-8C8F-597168A67935} = {1AE159F9-4B3F-4C99-B189-D59205E03250}
		{8FC4A140-C8B7-4F63-8080-754BE57E7933} = {1AE159F9-4B3F-4C99-B189-D59205E03250}
		{41988E36-E7A7-4E5C-AFFB-84AE7C1F47B2} = {02FCB420-54F8-4129-B728-99F718C90184}
	EndGlobalSection
EndGlobal
