
Microsoft Visual Studio Solution File, Format Version 12.00
# Visual Studio Version 17
VisualStudioVersion = 17.0.31903.59
MinimumVisualStudioVersion = 10.0.40219.1
Project("{2150E333-8FDC-42A3-9474-1A3956D46DE8}") = "SQL", "SQL", "{EE7596E3-1157-4646-B003-6A6F91357146}"
EndProject
Project("{FAE04EC0-301F-11D3-BF4B-00C04F79EFBC}") = "db_app1", "SQL\db_app1\db_app1.csproj", "{BE886F55-9565-4AFC-A1DA-6EB268D05610}"
EndProject
Project("{FAE04EC0-301F-11D3-BF4B-00C04F79EFBC}") = "db_app2", "SQL\db_app2\db_app2.csproj", "{EDE26D4C-26A6-48E7-A9A1-E59EBAD1971D}"
EndProject
Project("{FAE04EC0-301F-11D3-BF4B-00C04F79EFBC}") = "classi", "Csharp\classi\classi.csproj", "{5504C095-DEA7-453D-8FB4-A2F7C41478C0}"
EndProject
Project("{2150E333-8FDC-42A3-9474-1A3956D46DE8}") = "Csharp", "Csharp", "{F6E7E86C-FF15-4CFB-BF89-F217819A96DA}"
EndProject
Project("{2150E333-8FDC-42A3-9474-1A3956D46DE8}") = "classi", "classi", "{B34FDA3C-53EF-4092-9B59-ED5299B359C1}"
EndProject
Project("{FAE04EC0-301F-11D3-BF4B-00C04F79EFBC}") = "serializzaPersona", "Csharp\classi\serializzaPersona\serializzaPersona.csproj", "{B5D4773B-F723-4B08-B189-549DE130DC81}"
EndProject
Project("{FAE04EC0-301F-11D3-BF4B-00C04F79EFBC}") = "fattoria", "Csharp\classi\fattoria\fattoria.csproj", "{5C0FF1E2-E550-4696-8F4E-35CF41959F69}"
EndProject
Project("{FAE04EC0-301F-11D3-BF4B-00C04F79EFBC}") = "esempio", "Csharp\classi\esempio\esempio.csproj", "{4BD83BF1-8DCA-4294-8ABF-C6C77B233CE3}"
EndProject
Project("{2150E333-8FDC-42A3-9474-1A3956D46DE8}") = "Programmi", "Programmi", "{37965E1D-2762-4D0A-BF15-06660DF65BBA}"
EndProject
Project("{2150E333-8FDC-42A3-9474-1A3956D46DE8}") = "prog4_Indovinello", "prog4_Indovinello", "{6142B05B-ADAF-4FEF-BA47-81D6654FEB74}"
EndProject
Project("{FAE04EC0-301F-11D3-BF4B-00C04F79EFBC}") = "Vers2_Classi", "Csharp\Programmi\prog4_Indovinello\Vers2_Classi\Vers2_Classi.csproj", "{24F75864-6317-40FF-B372-DCB10A0D48FC}"
EndProject
Global
	GlobalSection(SolutionConfigurationPlatforms) = preSolution
		Debug|Any CPU = Debug|Any CPU
		Release|Any CPU = Release|Any CPU
	EndGlobalSection
	GlobalSection(SolutionProperties) = preSolution
		HideSolutionNode = FALSE
	EndGlobalSection
	GlobalSection(ProjectConfigurationPlatforms) = postSolution
		{F3B2E65B-2549-4494-8C70-198F36208824}.Debug|Any CPU.ActiveCfg = Debug|Any CPU
		{F3B2E65B-2549-4494-8C70-198F36208824}.Debug|Any CPU.Build.0 = Debug|Any CPU
		{F3B2E65B-2549-4494-8C70-198F36208824}.Release|Any CPU.ActiveCfg = Release|Any CPU
		{F3B2E65B-2549-4494-8C70-198F36208824}.Release|Any CPU.Build.0 = Release|Any CPU
		{07783B75-1D7A-474E-B408-8626F738E4B3}.Debug|Any CPU.ActiveCfg = Debug|Any CPU
		{07783B75-1D7A-474E-B408-8626F738E4B3}.Debug|Any CPU.Build.0 = Debug|Any CPU
		{07783B75-1D7A-474E-B408-8626F738E4B3}.Release|Any CPU.ActiveCfg = Release|Any CPU
		{07783B75-1D7A-474E-B408-8626F738E4B3}.Release|Any CPU.Build.0 = Release|Any CPU
		{0AE995FC-78A7-4A56-961B-56EFE8D1A184}.Debug|Any CPU.ActiveCfg = Debug|Any CPU
		{0AE995FC-78A7-4A56-961B-56EFE8D1A184}.Debug|Any CPU.Build.0 = Debug|Any CPU
		{0AE995FC-78A7-4A56-961B-56EFE8D1A184}.Release|Any CPU.ActiveCfg = Release|Any CPU
		{0AE995FC-78A7-4A56-961B-56EFE8D1A184}.Release|Any CPU.Build.0 = Release|Any CPU
		{42B7AABE-0220-4236-9C47-51E164D4CBD2}.Debug|Any CPU.ActiveCfg = Debug|Any CPU
		{42B7AABE-0220-4236-9C47-51E164D4CBD2}.Debug|Any CPU.Build.0 = Debug|Any CPU
		{42B7AABE-0220-4236-9C47-51E164D4CBD2}.Release|Any CPU.ActiveCfg = Release|Any CPU
		{42B7AABE-0220-4236-9C47-51E164D4CBD2}.Release|Any CPU.Build.0 = Release|Any CPU
		{420ABDA8-CB09-4D62-B8F5-5465211EADDC}.Debug|Any CPU.ActiveCfg = Debug|Any CPU
		{420ABDA8-CB09-4D62-B8F5-5465211EADDC}.Debug|Any CPU.Build.0 = Debug|Any CPU
		{420ABDA8-CB09-4D62-B8F5-5465211EADDC}.Release|Any CPU.ActiveCfg = Release|Any CPU
		{420ABDA8-CB09-4D62-B8F5-5465211EADDC}.Release|Any CPU.Build.0 = Release|Any CPU
		{B676F754-26D5-492A-9CDC-B64E6A37C009}.Debug|Any CPU.ActiveCfg = Debug|Any CPU
		{B676F754-26D5-492A-9CDC-B64E6A37C009}.Debug|Any CPU.Build.0 = Debug|Any CPU
		{B676F754-26D5-492A-9CDC-B64E6A37C009}.Release|Any CPU.ActiveCfg = Release|Any CPU
		{B676F754-26D5-492A-9CDC-B64E6A37C009}.Release|Any CPU.Build.0 = Release|Any CPU
		{BE886F55-9565-4AFC-A1DA-6EB268D05610}.Debug|Any CPU.ActiveCfg = Debug|Any CPU
		{BE886F55-9565-4AFC-A1DA-6EB268D05610}.Debug|Any CPU.Build.0 = Debug|Any CPU
		{BE886F55-9565-4AFC-A1DA-6EB268D05610}.Release|Any CPU.ActiveCfg = Release|Any CPU
		{BE886F55-9565-4AFC-A1DA-6EB268D05610}.Release|Any CPU.Build.0 = Release|Any CPU
		{EDE26D4C-26A6-48E7-A9A1-E59EBAD1971D}.Debug|Any CPU.ActiveCfg = Debug|Any CPU
		{EDE26D4C-26A6-48E7-A9A1-E59EBAD1971D}.Debug|Any CPU.Build.0 = Debug|Any CPU
		{EDE26D4C-26A6-48E7-A9A1-E59EBAD1971D}.Release|Any CPU.ActiveCfg = Release|Any CPU
		{EDE26D4C-26A6-48E7-A9A1-E59EBAD1971D}.Release|Any CPU.Build.0 = Release|Any CPU
		{5504C095-DEA7-453D-8FB4-A2F7C41478C0}.Debug|Any CPU.ActiveCfg = Debug|Any CPU
		{5504C095-DEA7-453D-8FB4-A2F7C41478C0}.Debug|Any CPU.Build.0 = Debug|Any CPU
		{5504C095-DEA7-453D-8FB4-A2F7C41478C0}.Release|Any CPU.ActiveCfg = Release|Any CPU
		{5504C095-DEA7-453D-8FB4-A2F7C41478C0}.Release|Any CPU.Build.0 = Release|Any CPU
		{B5D4773B-F723-4B08-B189-549DE130DC81}.Debug|Any CPU.ActiveCfg = Debug|Any CPU
		{B5D4773B-F723-4B08-B189-549DE130DC81}.Debug|Any CPU.Build.0 = Debug|Any CPU
		{B5D4773B-F723-4B08-B189-549DE130DC81}.Release|Any CPU.ActiveCfg = Release|Any CPU
		{B5D4773B-F723-4B08-B189-549DE130DC81}.Release|Any CPU.Build.0 = Release|Any CPU
		{5C0FF1E2-E550-4696-8F4E-35CF41959F69}.Debug|Any CPU.ActiveCfg = Debug|Any CPU
		{5C0FF1E2-E550-4696-8F4E-35CF41959F69}.Debug|Any CPU.Build.0 = Debug|Any CPU
		{5C0FF1E2-E550-4696-8F4E-35CF41959F69}.Release|Any CPU.ActiveCfg = Release|Any CPU
		{5C0FF1E2-E550-4696-8F4E-35CF41959F69}.Release|Any CPU.Build.0 = Release|Any CPU
		{4BD83BF1-8DCA-4294-8ABF-C6C77B233CE3}.Debug|Any CPU.ActiveCfg = Debug|Any CPU
		{4BD83BF1-8DCA-4294-8ABF-C6C77B233CE3}.Debug|Any CPU.Build.0 = Debug|Any CPU
		{4BD83BF1-8DCA-4294-8ABF-C6C77B233CE3}.Release|Any CPU.ActiveCfg = Release|Any CPU
		{4BD83BF1-8DCA-4294-8ABF-C6C77B233CE3}.Release|Any CPU.Build.0 = Release|Any CPU
		{24F75864-6317-40FF-B372-DCB10A0D48FC}.Debug|Any CPU.ActiveCfg = Debug|Any CPU
		{24F75864-6317-40FF-B372-DCB10A0D48FC}.Debug|Any CPU.Build.0 = Debug|Any CPU
		{24F75864-6317-40FF-B372-DCB10A0D48FC}.Release|Any CPU.ActiveCfg = Release|Any CPU
		{24F75864-6317-40FF-B372-DCB10A0D48FC}.Release|Any CPU.Build.0 = Release|Any CPU
	EndGlobalSection
	GlobalSection(NestedProjects) = preSolution
		{F3B2E65B-2549-4494-8C70-198F36208824} = {5AB5E20F-7C2B-4317-990B-3043AC44BFF0}
		{07783B75-1D7A-474E-B408-8626F738E4B3} = {5AB5E20F-7C2B-4317-990B-3043AC44BFF0}
		{0AE995FC-78A7-4A56-961B-56EFE8D1A184} = {5AB5E20F-7C2B-4317-990B-3043AC44BFF0}
		{42B7AABE-0220-4236-9C47-51E164D4CBD2} = {5AB5E20F-7C2B-4317-990B-3043AC44BFF0}
		{420ABDA8-CB09-4D62-B8F5-5465211EADDC} = {5AB5E20F-7C2B-4317-990B-3043AC44BFF0}
		{B676F754-26D5-492A-9CDC-B64E6A37C009} = {5AB5E20F-7C2B-4317-990B-3043AC44BFF0}
		{BE886F55-9565-4AFC-A1DA-6EB268D05610} = {EE7596E3-1157-4646-B003-6A6F91357146}
		{EDE26D4C-26A6-48E7-A9A1-E59EBAD1971D} = {EE7596E3-1157-4646-B003-6A6F91357146}
		{5504C095-DEA7-453D-8FB4-A2F7C41478C0} = {5AB5E20F-7C2B-4317-990B-3043AC44BFF0}
		{B34FDA3C-53EF-4092-9B59-ED5299B359C1} = {F6E7E86C-FF15-4CFB-BF89-F217819A96DA}
		{B5D4773B-F723-4B08-B189-549DE130DC81} = {B34FDA3C-53EF-4092-9B59-ED5299B359C1}
		{5C0FF1E2-E550-4696-8F4E-35CF41959F69} = {B34FDA3C-53EF-4092-9B59-ED5299B359C1}
		{4BD83BF1-8DCA-4294-8ABF-C6C77B233CE3} = {B34FDA3C-53EF-4092-9B59-ED5299B359C1}
		{37965E1D-2762-4D0A-BF15-06660DF65BBA} = {F6E7E86C-FF15-4CFB-BF89-F217819A96DA}
		{6142B05B-ADAF-4FEF-BA47-81D6654FEB74} = {37965E1D-2762-4D0A-BF15-06660DF65BBA}
		{24F75864-6317-40FF-B372-DCB10A0D48FC} = {6142B05B-ADAF-4FEF-BA47-81D6654FEB74}
	EndGlobalSection
EndGlobal
